# THIS IS AN AUTOGENERATED FILE. DO NOT EDIT THIS FILE DIRECTLY.
# yarn lockfile v1


"@types/emojione@^2.2.3":
  version "2.2.3"
  resolved "https://registry.yarnpkg.com/@types/emojione/-/emojione-2.2.3.tgz#0e748ec9078c8c35d9fb3a4c7273bd14da20ee9f"
  integrity sha512-aqWGLtjQGz7Lmketo5vOAjVoZ9B1vFISrCgVYZqzpDgwnqM0/9PxZBOL80vL/UdGDzxTtES+bconX2lCxQRaFA==

emojione@^4.0.0:
  version "4.0.0"
  resolved "https://registry.yarnpkg.com/emojione/-/emojione-4.0.0.tgz#bbe117a1d24d18d3a62b18ef6d42725a59ded258"
  integrity sha512-ATFSRHrK838NoTUE96j9rpmS1R4a/qpK1maQURGdFtarpWloEttjjIBBWbSFqsUxC0Vot6P2WXmSlotvZoegxw==

typescript@^3.2.4:
  version "3.2.4"
  resolved "https://registry.yarnpkg.com/typescript/-/typescript-3.2.4.tgz#c585cb952912263d915b462726ce244ba510ef3d"
  integrity sha512-0RNDbSdEokBeEAkgNbxJ+BLwSManFy9TeXz8uW+48j/xhEXv1ePME60olyzw2XzUqUBNAYFeJadIqAgNqIACwg==
